
Microsoft Visual Studio Solution File, Format Version 12.00
# Visual Studio 15
VisualStudioVersion = 15.0.27428.2043
MinimumVisualStudioVersion = 10.0.40219.1
Project("{FAE04EC0-301F-11D3-BF4B-00C04F79EFBC}") = "Newsify.Web", "Newsify.Web\Newsify.Web.csproj", "{A801CE6E-F2B2-406E-B714-E98F1B81932E}"
EndProject
Project("{FAE04EC0-301F-11D3-BF4B-00C04F79EFBC}") = "Newsify.Logic", "Newsify.Logic\Newsify.Logic.csproj", "{2EDC828F-1956-4AB0-82E1-130040C13C52}"
EndProject
Project("{FAE04EC0-301F-11D3-BF4B-00C04F79EFBC}") = "Newsify.DAL.Tests", "Newsify.DAL.Tests\Newsify.DAL.Tests.csproj", "{E5814917-22D5-4456-BC93-5EAC704E747C}"
EndProject
Project("{FAE04EC0-301F-11D3-BF4B-00C04F79EFBC}") = "Newsify.Logic.Tests", "Newsify.Logic.Tests\Newsify.Logic.Tests.csproj", "{38BA757C-22C9-471B-859B-254A89BC64FC}"
EndProject
Project("{FAE04EC0-301F-11D3-BF4B-00C04F79EFBC}") = "Newsify.Web.Tests", "Newsify.Web.Tests\Newsify.Web.Tests.csproj", "{836D1758-0040-4430-9BE9-72B5565EB612}"
EndProject
Project("{FAE04EC0-301F-11D3-BF4B-00C04F79EFBC}") = "Newsify.DAL", "Newsify.DAL\Newsify.DAL.csproj", "{358CCF46-7C90-495C-80A5-44D490F21572}"
EndProject
Project("{FAE04EC0-301F-11D3-BF4B-00C04F79EFBC}") = "Newsify.Console", "Newsify.Console\Newsify.Console.csproj", "{75C57750-3E3F-43C2-B74D-A38A2837722A}"
EndProject
Project("{FAE04EC0-301F-11D3-BF4B-00C04F79EFBC}") = "Newsify.UsersApi", "Newsify.UsersApi\Newsify.UsersApi.csproj", "{25FE2159-1FCF-459A-938D-72B019D68254}"
EndProject
Project("{FAE04EC0-301F-11D3-BF4B-00C04F79EFBC}") = "Newsify.UsersApi.Tests", "Newsify.UsersApi.Tests\Newsify.UsersApi.Tests.csproj", "{47FA6366-C668-427B-A829-A62A07856338}"
EndProject
Global
	GlobalSection(SolutionConfigurationPlatforms) = preSolution
		Debug|Any CPU = Debug|Any CPU
		Release|Any CPU = Release|Any CPU
	EndGlobalSection
	GlobalSection(ProjectConfigurationPlatforms) = postSolution
		{A801CE6E-F2B2-406E-B714-E98F1B81932E}.Debug|Any CPU.ActiveCfg = Debug|Any CPU
		{A801CE6E-F2B2-406E-B714-E98F1B81932E}.Debug|Any CPU.Build.0 = Debug|Any CPU
		{A801CE6E-F2B2-406E-B714-E98F1B81932E}.Release|Any CPU.ActiveCfg = Release|Any CPU
		{A801CE6E-F2B2-406E-B714-E98F1B81932E}.Release|Any CPU.Build.0 = Release|Any CPU
		{2EDC828F-1956-4AB0-82E1-130040C13C52}.Debug|Any CPU.ActiveCfg = Debug|Any CPU
		{2EDC828F-1956-4AB0-82E1-130040C13C52}.Debug|Any CPU.Build.0 = Debug|Any CPU
		{2EDC828F-1956-4AB0-82E1-130040C13C52}.Release|Any CPU.ActiveCfg = Release|Any CPU
		{2EDC828F-1956-4AB0-82E1-130040C13C52}.Release|Any CPU.Build.0 = Release|Any CPU
		{E5814917-22D5-4456-BC93-5EAC704E747C}.Debug|Any CPU.ActiveCfg = Debug|Any CPU
		{E5814917-22D5-4456-BC93-5EAC704E747C}.Debug|Any CPU.Build.0 = Debug|Any CPU
		{E5814917-22D5-4456-BC93-5EAC704E747C}.Release|Any CPU.ActiveCfg = Release|Any CPU
		{E5814917-22D5-4456-BC93-5EAC704E747C}.Release|Any CPU.Build.0 = Release|Any CPU
		{38BA757C-22C9-471B-859B-254A89BC64FC}.Debug|Any CPU.ActiveCfg = Debug|Any CPU
		{38BA757C-22C9-471B-859B-254A89BC64FC}.Debug|Any CPU.Build.0 = Debug|Any CPU
		{38BA757C-22C9-471B-859B-254A89BC64FC}.Release|Any CPU.ActiveCfg = Release|Any CPU
		{38BA757C-22C9-471B-859B-254A89BC64FC}.Release|Any CPU.Build.0 = Release|Any CPU
		{836D1758-0040-4430-9BE9-72B5565EB612}.Debug|Any CPU.ActiveCfg = Debug|Any CPU
		{836D1758-0040-4430-9BE9-72B5565EB612}.Debug|Any CPU.Build.0 = Debug|Any CPU
		{836D1758-0040-4430-9BE9-72B5565EB612}.Release|Any CPU.ActiveCfg = Release|Any CPU
		{836D1758-0040-4430-9BE9-72B5565EB612}.Release|Any CPU.Build.0 = Release|Any CPU
		{358CCF46-7C90-495C-80A5-44D490F21572}.Debug|Any CPU.ActiveCfg = Debug|Any CPU
		{358CCF46-7C90-495C-80A5-44D490F21572}.Debug|Any CPU.Build.0 = Debug|Any CPU
		{358CCF46-7C90-495C-80A5-44D490F21572}.Release|Any CPU.ActiveCfg = Release|Any CPU
		{358CCF46-7C90-495C-80A5-44D490F21572}.Release|Any CPU.Build.0 = Release|Any CPU
		{75C57750-3E3F-43C2-B74D-A38A2837722A}.Debug|Any CPU.ActiveCfg = Debug|Any CPU
		{75C57750-3E3F-43C2-B74D-A38A2837722A}.Debug|Any CPU.Build.0 = Debug|Any CPU
		{75C57750-3E3F-43C2-B74D-A38A2837722A}.Release|Any CPU.ActiveCfg = Release|Any CPU
		{75C57750-3E3F-43C2-B74D-A38A2837722A}.Release|Any CPU.Build.0 = Release|Any CPU
		{25FE2159-1FCF-459A-938D-72B019D68254}.Debug|Any CPU.ActiveCfg = Debug|Any CPU
		{25FE2159-1FCF-459A-938D-72B019D68254}.Debug|Any CPU.Build.0 = Debug|Any CPU
		{25FE2159-1FCF-459A-938D-72B019D68254}.Release|Any CPU.ActiveCfg = Release|Any CPU
		{25FE2159-1FCF-459A-938D-72B019D68254}.Release|Any CPU.Build.0 = Release|Any CPU
		{47FA6366-C668-427B-A829-A62A07856338}.Debug|Any CPU.ActiveCfg = Debug|Any CPU
		{47FA6366-C668-427B-A829-A62A07856338}.Debug|Any CPU.Build.0 = Debug|Any CPU
		{47FA6366-C668-427B-A829-A62A07856338}.Release|Any CPU.ActiveCfg = Release|Any CPU
		{47FA6366-C668-427B-A829-A62A07856338}.Release|Any CPU.Build.0 = Release|Any CPU
	EndGlobalSection
	GlobalSection(SolutionProperties) = preSolution
		HideSolutionNode = FALSE
	EndGlobalSection
	GlobalSection(ExtensibilityGlobals) = postSolution
		SolutionGuid = {607D10B0-1C06-4F9F-93D2-E20286E40E21}
	EndGlobalSection
EndGlobal
