
Microsoft Visual Studio Solution File, Format Version 12.00
# Visual Studio 15
VisualStudioVersion = 15.0.27428.2043
MinimumVisualStudioVersion = 10.0.40219.1
Project("{FAE04EC0-301F-11D3-BF4B-00C04F79EFBC}") = "Newsify.DAL", "Newsify.DAL\Newsify.DAL.csproj", "{F4BE77DE-7502-47E1-BE62-6AE2289ECBD9}"
EndProject
Project("{FAE04EC0-301F-11D3-BF4B-00C04F79EFBC}") = "Newsify.DAL.Tests", "Newsify.DAL.Tests\Newsify.DAL.Tests.csproj", "{91A5FA7F-BE4A-4F35-B0F9-E069F16B013E}"
EndProject
Project("{FAE04EC0-301F-11D3-BF4B-00C04F79EFBC}") = "Newsify.Logic", "Newsify.Logic\Newsify.Logic.csproj", "{8BD44B16-B242-409B-B161-73D25D3FC3BE}"
EndProject
Project("{FAE04EC0-301F-11D3-BF4B-00C04F79EFBC}") = "Newsify.DataApi", "Newsify.DataApi\Newsify.DataApi.csproj", "{032BD0FB-6C53-40DA-B158-3FAAB90F45DD}"
EndProject
Project("{FAE04EC0-301F-11D3-BF4B-00C04F79EFBC}") = "Newsify.UsersApi", "Newsify.UsersApi\Newsify.UsersApi.csproj", "{67F0A5F2-BC66-4600-948F-F353B23ADFCE}"
EndProject
Project("{FAE04EC0-301F-11D3-BF4B-00C04F79EFBC}") = "ConsoleApp1", "ConsoleApp1\ConsoleApp1.csproj", "{365E177D-F978-4E3C-9A3F-30BDB559CE1F}"
EndProject
Global
	GlobalSection(SolutionConfigurationPlatforms) = preSolution
		Debug|Any CPU = Debug|Any CPU
		Release|Any CPU = Release|Any CPU
	EndGlobalSection
	GlobalSection(ProjectConfigurationPlatforms) = postSolution
		{F4BE77DE-7502-47E1-BE62-6AE2289ECBD9}.Debug|Any CPU.ActiveCfg = Debug|Any CPU
		{F4BE77DE-7502-47E1-BE62-6AE2289ECBD9}.Debug|Any CPU.Build.0 = Debug|Any CPU
		{F4BE77DE-7502-47E1-BE62-6AE2289ECBD9}.Release|Any CPU.ActiveCfg = Release|Any CPU
		{F4BE77DE-7502-47E1-BE62-6AE2289ECBD9}.Release|Any CPU.Build.0 = Release|Any CPU
		{91A5FA7F-BE4A-4F35-B0F9-E069F16B013E}.Debug|Any CPU.ActiveCfg = Debug|Any CPU
		{91A5FA7F-BE4A-4F35-B0F9-E069F16B013E}.Debug|Any CPU.Build.0 = Debug|Any CPU
		{91A5FA7F-BE4A-4F35-B0F9-E069F16B013E}.Release|Any CPU.ActiveCfg = Release|Any CPU
		{91A5FA7F-BE4A-4F35-B0F9-E069F16B013E}.Release|Any CPU.Build.0 = Release|Any CPU
		{8BD44B16-B242-409B-B161-73D25D3FC3BE}.Debug|Any CPU.ActiveCfg = Debug|Any CPU
		{8BD44B16-B242-409B-B161-73D25D3FC3BE}.Debug|Any CPU.Build.0 = Debug|Any CPU
		{8BD44B16-B242-409B-B161-73D25D3FC3BE}.Release|Any CPU.ActiveCfg = Release|Any CPU
		{8BD44B16-B242-409B-B161-73D25D3FC3BE}.Release|Any CPU.Build.0 = Release|Any CPU
		{032BD0FB-6C53-40DA-B158-3FAAB90F45DD}.Debug|Any CPU.ActiveCfg = Debug|Any CPU
		{032BD0FB-6C53-40DA-B158-3FAAB90F45DD}.Debug|Any CPU.Build.0 = Debug|Any CPU
		{032BD0FB-6C53-40DA-B158-3FAAB90F45DD}.Release|Any CPU.ActiveCfg = Release|Any CPU
		{032BD0FB-6C53-40DA-B158-3FAAB90F45DD}.Release|Any CPU.Build.0 = Release|Any CPU
		{67F0A5F2-BC66-4600-948F-F353B23ADFCE}.Debug|Any CPU.ActiveCfg = Debug|Any CPU
		{67F0A5F2-BC66-4600-948F-F353B23ADFCE}.Debug|Any CPU.Build.0 = Debug|Any CPU
		{67F0A5F2-BC66-4600-948F-F353B23ADFCE}.Release|Any CPU.ActiveCfg = Release|Any CPU
		{67F0A5F2-BC66-4600-948F-F353B23ADFCE}.Release|Any CPU.Build.0 = Release|Any CPU
		{365E177D-F978-4E3C-9A3F-30BDB559CE1F}.Debug|Any CPU.ActiveCfg = Debug|Any CPU
		{365E177D-F978-4E3C-9A3F-30BDB559CE1F}.Debug|Any CPU.Build.0 = Debug|Any CPU
		{365E177D-F978-4E3C-9A3F-30BDB559CE1F}.Release|Any CPU.ActiveCfg = Release|Any CPU
		{365E177D-F978-4E3C-9A3F-30BDB559CE1F}.Release|Any CPU.Build.0 = Release|Any CPU
	EndGlobalSection
	GlobalSection(SolutionProperties) = preSolution
		HideSolutionNode = FALSE
	EndGlobalSection
	GlobalSection(ExtensibilityGlobals) = postSolution
		SolutionGuid = {607D10B0-1C06-4F9F-93D2-E20286E40E21}
	EndGlobalSection
EndGlobal
